
Microsoft Visual Studio Solution File, Format Version 12.00
# Visual Studio Version 16
VisualStudioVersion = 16.0.31005.135
MinimumVisualStudioVersion = 10.0.40219.1
Project("{FAE04EC0-301F-11D3-BF4B-00C04F79EFBC}") = "ReaderXF.UWP", "ReaderXF\ReaderXF.UWP\ReaderXF.UWP.csproj", "{D23F7A54-4E0F-493E-95BE-B7F294FD9A68}"
EndProject
Project("{FAE04EC0-301F-11D3-BF4B-00C04F79EFBC}") = "ReaderXF.Android", "ReaderXF\ReaderXF.Android\ReaderXF.Android.csproj", "{EA59FE0D-FFF7-48E2-885A-5C724626C7A7}"
EndProject
Project("{FAE04EC0-301F-11D3-BF4B-00C04F79EFBC}") = "ReaderXF.iOS", "ReaderXF\ReaderXF.iOS\ReaderXF.iOS.csproj", "{213A6D4C-4C98-466B-8F6D-EB735F870759}"
EndProject
Project("{FAE04EC0-301F-11D3-BF4B-00C04F79EFBC}") = "ReaderXF", "ReaderXF\ReaderXF\ReaderXF.csproj", "{B1F61DC5-DC13-42DA-80AB-7EF0A89E8F92}"
EndProject
Global
	GlobalSection(SolutionConfigurationPlatforms) = preSolution
		Debug|Any CPU = Debug|Any CPU
		Debug|ARM = Debug|ARM
		Debug|iPhone = Debug|iPhone
		Debug|iPhoneSimulator = Debug|iPhoneSimulator
		Debug|x64 = Debug|x64
		Debug|x86 = Debug|x86
		Release|Any CPU = Release|Any CPU
		Release|ARM = Release|ARM
		Release|iPhone = Release|iPhone
		Release|iPhoneSimulator = Release|iPhoneSimulator
		Release|x64 = Release|x64
		Release|x86 = Release|x86
	EndGlobalSection
	GlobalSection(ProjectConfigurationPlatforms) = postSolution
		{D23F7A54-4E0F-493E-95BE-B7F294FD9A68}.Debug|Any CPU.ActiveCfg = Debug|x86
		{D23F7A54-4E0F-493E-95BE-B7F294FD9A68}.Debug|Any CPU.Build.0 = Debug|x86
		{D23F7A54-4E0F-493E-95BE-B7F294FD9A68}.Debug|Any CPU.Deploy.0 = Debug|x86
		{D23F7A54-4E0F-493E-95BE-B7F294FD9A68}.Debug|ARM.ActiveCfg = Debug|ARM
		{D23F7A54-4E0F-493E-95BE-B7F294FD9A68}.Debug|ARM.Build.0 = Debug|ARM
		{D23F7A54-4E0F-493E-95BE-B7F294FD9A68}.Debug|ARM.Deploy.0 = Debug|ARM
		{D23F7A54-4E0F-493E-95BE-B7F294FD9A68}.Debug|iPhone.ActiveCfg = Debug|x86
		{D23F7A54-4E0F-493E-95BE-B7F294FD9A68}.Debug|iPhone.Build.0 = Debug|x86
		{D23F7A54-4E0F-493E-95BE-B7F294FD9A68}.Debug|iPhone.Deploy.0 = Debug|x86
		{D23F7A54-4E0F-493E-95BE-B7F294FD9A68}.Debug|iPhoneSimulator.ActiveCfg = Debug|x86
		{D23F7A54-4E0F-493E-95BE-B7F294FD9A68}.Debug|iPhoneSimulator.Build.0 = Debug|x86
		{D23F7A54-4E0F-493E-95BE-B7F294FD9A68}.Debug|iPhoneSimulator.Deploy.0 = Debug|x86
		{D23F7A54-4E0F-493E-95BE-B7F294FD9A68}.Debug|x64.ActiveCfg = Debug|x64
		{D23F7A54-4E0F-493E-95BE-B7F294FD9A68}.Debug|x64.Build.0 = Debug|x64
		{D23F7A54-4E0F-493E-95BE-B7F294FD9A68}.Debug|x64.Deploy.0 = Debug|x64
		{D23F7A54-4E0F-493E-95BE-B7F294FD9A68}.Debug|x86.ActiveCfg = Debug|x86
		{D23F7A54-4E0F-493E-95BE-B7F294FD9A68}.Debug|x86.Build.0 = Debug|x86
		{D23F7A54-4E0F-493E-95BE-B7F294FD9A68}.Debug|x86.Deploy.0 = Debug|x86
		{D23F7A54-4E0F-493E-95BE-B7F294FD9A68}.Release|Any CPU.ActiveCfg = Release|x86
		{D23F7A54-4E0F-493E-95BE-B7F294FD9A68}.Release|Any CPU.Build.0 = Release|x86
		{D23F7A54-4E0F-493E-95BE-B7F294FD9A68}.Release|Any CPU.Deploy.0 = Release|x86
		{D23F7A54-4E0F-493E-95BE-B7F294FD9A68}.Release|ARM.ActiveCfg = Release|ARM
		{D23F7A54-4E0F-493E-95BE-B7F294FD9A68}.Release|ARM.Build.0 = Release|ARM
		{D23F7A54-4E0F-493E-95BE-B7F294FD9A68}.Release|ARM.Deploy.0 = Release|ARM
		{D23F7A54-4E0F-493E-95BE-B7F294FD9A68}.Release|iPhone.ActiveCfg = Release|x86
		{D23F7A54-4E0F-493E-95BE-B7F294FD9A68}.Release|iPhone.Build.0 = Release|x86
		{D23F7A54-4E0F-493E-95BE-B7F294FD9A68}.Release|iPhone.Deploy.0 = Release|x86
		{D23F7A54-4E0F-493E-95BE-B7F294FD9A68}.Release|iPhoneSimulator.ActiveCfg = Release|x86
		{D23F7A54-4E0F-493E-95BE-B7F294FD9A68}.Release|iPhoneSimulator.Build.0 = Release|x86
		{D23F7A54-4E0F-493E-95BE-B7F294FD9A68}.Release|iPhoneSimulator.Deploy.0 = Release|x86
		{D23F7A54-4E0F-493E-95BE-B7F294FD9A68}.Release|x64.ActiveCfg = Release|x64
		{D23F7A54-4E0F-493E-95BE-B7F294FD9A68}.Release|x64.Build.0 = Release|x64
		{D23F7A54-4E0F-493E-95BE-B7F294FD9A68}.Release|x64.Deploy.0 = Release|x64
		{D23F7A54-4E0F-493E-95BE-B7F294FD9A68}.Release|x86.ActiveCfg = Release|x86
		{D23F7A54-4E0F-493E-95BE-B7F294FD9A68}.Release|x86.Build.0 = Release|x86
		{D23F7A54-4E0F-493E-95BE-B7F294FD9A68}.Release|x86.Deploy.0 = Release|x86
		{EA59FE0D-FFF7-48E2-885A-5C724626C7A7}.Debug|Any CPU.ActiveCfg = Debug|Any CPU
		{EA59FE0D-FFF7-48E2-885A-5C724626C7A7}.Debug|Any CPU.Build.0 = Debug|Any CPU
		{EA59FE0D-FFF7-48E2-885A-5C724626C7A7}.Debug|Any CPU.Deploy.0 = Debug|Any CPU
		{EA59FE0D-FFF7-48E2-885A-5C724626C7A7}.Debug|ARM.ActiveCfg = Debug|Any CPU
		{EA59FE0D-FFF7-48E2-885A-5C724626C7A7}.Debug|ARM.Build.0 = Debug|Any CPU
		{EA59FE0D-FFF7-48E2-885A-5C724626C7A7}.Debug|ARM.Deploy.0 = Debug|Any CPU
		{EA59FE0D-FFF7-48E2-885A-5C724626C7A7}.Debug|iPhone.ActiveCfg = Debug|Any CPU
		{EA59FE0D-FFF7-48E2-885A-5C724626C7A7}.Debug|iPhone.Build.0 = Debug|Any CPU
		{EA59FE0D-FFF7-48E2-885A-5C724626C7A7}.Debug|iPhone.Deploy.0 = Debug|Any CPU
		{EA59FE0D-FFF7-48E2-885A-5C724626C7A7}.Debug|iPhoneSimulator.ActiveCfg = Debug|Any CPU
		{EA59FE0D-FFF7-48E2-885A-5C724626C7A7}.Debug|iPhoneSimulator.Build.0 = Debug|Any CPU
		{EA59FE0D-FFF7-48E2-885A-5C724626C7A7}.Debug|iPhoneSimulator.Deploy.0 = Debug|Any CPU
		{EA59FE0D-FFF7-48E2-885A-5C724626C7A7}.Debug|x64.ActiveCfg = Debug|Any CPU
		{EA59FE0D-FFF7-48E2-885A-5C724626C7A7}.Debug|x64.Build.0 = Debug|Any CPU
		{EA59FE0D-FFF7-48E2-885A-5C724626C7A7}.Debug|x64.Deploy.0 = Debug|Any CPU
		{EA59FE0D-FFF7-48E2-885A-5C724626C7A7}.Debug|x86.ActiveCfg = Debug|Any CPU
		{EA59FE0D-FFF7-48E2-885A-5C724626C7A7}.Debug|x86.Build.0 = Debug|Any CPU
		{EA59FE0D-FFF7-48E2-885A-5C724626C7A7}.Debug|x86.Deploy.0 = Debug|Any CPU
		{EA59FE0D-FFF7-48E2-885A-5C724626C7A7}.Release|Any CPU.ActiveCfg = Release|Any CPU
		{EA59FE0D-FFF7-48E2-885A-5C724626C7A7}.Release|Any CPU.Build.0 = Release|Any CPU
		{EA59FE0D-FFF7-48E2-885A-5C724626C7A7}.Release|Any CPU.Deploy.0 = Release|Any CPU
		{EA59FE0D-FFF7-48E2-885A-5C724626C7A7}.Release|ARM.ActiveCfg = Release|Any CPU
		{EA59FE0D-FFF7-48E2-885A-5C724626C7A7}.Release|ARM.Build.0 = Release|Any CPU
		{EA59FE0D-FFF7-48E2-885A-5C724626C7A7}.Release|ARM.Deploy.0 = Release|Any CPU
		{EA59FE0D-FFF7-48E2-885A-5C724626C7A7}.Release|iPhone.ActiveCfg = Release|Any CPU
		{EA59FE0D-FFF7-48E2-885A-5C724626C7A7}.Release|iPhone.Build.0 = Release|Any CPU
		{EA59FE0D-FFF7-48E2-885A-5C724626C7A7}.Release|iPhone.Deploy.0 = Release|Any CPU
		{EA59FE0D-FFF7-48E2-885A-5C724626C7A7}.Release|iPhoneSimulator.ActiveCfg = Release|Any CPU
		{EA59FE0D-FFF7-48E2-885A-5C724626C7A7}.Release|iPhoneSimulator.Build.0 = Release|Any CPU
		{EA59FE0D-FFF7-48E2-885A-5C724626C7A7}.Release|iPhoneSimulator.Deploy.0 = Release|Any CPU
		{EA59FE0D-FFF7-48E2-885A-5C724626C7A7}.Release|x64.ActiveCfg = Release|Any CPU
		{EA59FE0D-FFF7-48E2-885A-5C724626C7A7}.Release|x64.Build.0 = Release|Any CPU
		{EA59FE0D-FFF7-48E2-885A-5C724626C7A7}.Release|x64.Deploy.0 = Release|Any CPU
		{EA59FE0D-FFF7-48E2-885A-5C724626C7A7}.Release|x86.ActiveCfg = Release|Any CPU
		{EA59FE0D-FFF7-48E2-885A-5C724626C7A7}.Release|x86.Build.0 = Release|Any CPU
		{EA59FE0D-FFF7-48E2-885A-5C724626C7A7}.Release|x86.Deploy.0 = Release|Any CPU
		{213A6D4C-4C98-466B-8F6D-EB735F870759}.Debug|Any CPU.ActiveCfg = Debug|iPhoneSimulator
		{213A6D4C-4C98-466B-8F6D-EB735F870759}.Debug|Any CPU.Build.0 = Debug|iPhoneSimulator
		{213A6D4C-4C98-466B-8F6D-EB735F870759}.Debug|Any CPU.Deploy.0 = Debug|iPhoneSimulator
		{213A6D4C-4C98-466B-8F6D-EB735F870759}.Debug|ARM.ActiveCfg = Debug|iPhone
		{213A6D4C-4C98-466B-8F6D-EB735F870759}.Debug|ARM.Build.0 = Debug|iPhone
		{213A6D4C-4C98-466B-8F6D-EB735F870759}.Debug|ARM.Deploy.0 = Debug|iPhone
		{213A6D4C-4C98-466B-8F6D-EB735F870759}.Debug|iPhone.ActiveCfg = Debug|iPhone
		{213A6D4C-4C98-466B-8F6D-EB735F870759}.Debug|iPhone.Build.0 = Debug|iPhone
		{213A6D4C-4C98-466B-8F6D-EB735F870759}.Debug|iPhone.Deploy.0 = Debug|iPhone
		{213A6D4C-4C98-466B-8F6D-EB735F870759}.Debug|iPhoneSimulator.ActiveCfg = Debug|iPhoneSimulator
		{213A6D4C-4C98-466B-8F6D-EB735F870759}.Debug|iPhoneSimulator.Build.0 = Debug|iPhoneSimulator
		{213A6D4C-4C98-466B-8F6D-EB735F870759}.Debug|iPhoneSimulator.Deploy.0 = Debug|iPhoneSimulator
		{213A6D4C-4C98-466B-8F6D-EB735F870759}.Debug|x64.ActiveCfg = Debug|iPhoneSimulator
		{213A6D4C-4C98-466B-8F6D-EB735F870759}.Debug|x64.Build.0 = Debug|iPhoneSimulator
		{213A6D4C-4C98-466B-8F6D-EB735F870759}.Debug|x64.Deploy.0 = Debug|iPhoneSimulator
		{213A6D4C-4C98-466B-8F6D-EB735F870759}.Debug|x86.ActiveCfg = Debug|iPhoneSimulator
		{213A6D4C-4C98-466B-8F6D-EB735F870759}.Debug|x86.Build.0 = Debug|iPhoneSimulator
		{213A6D4C-4C98-466B-8F6D-EB735F870759}.Debug|x86.Deploy.0 = Debug|iPhoneSimulator
		{213A6D4C-4C98-466B-8F6D-EB735F870759}.Release|Any CPU.ActiveCfg = Release|iPhoneSimulator
		{213A6D4C-4C98-466B-8F6D-EB735F870759}.Release|Any CPU.Build.0 = Release|iPhoneSimulator
		{213A6D4C-4C98-466B-8F6D-EB735F870759}.Release|Any CPU.Deploy.0 = Release|iPhoneSimulator
		{213A6D4C-4C98-466B-8F6D-EB735F870759}.Release|ARM.ActiveCfg = Release|iPhoneSimulator
		{213A6D4C-4C98-466B-8F6D-EB735F870759}.Release|ARM.Build.0 = Release|iPhoneSimulator
		{213A6D4C-4C98-466B-8F6D-EB735F870759}.Release|ARM.Deploy.0 = Release|iPhoneSimulator
		{213A6D4C-4C98-466B-8F6D-EB735F870759}.Release|iPhone.ActiveCfg = Release|iPhone
		{213A6D4C-4C98-466B-8F6D-EB735F870759}.Release|iPhone.Build.0 = Release|iPhone
		{213A6D4C-4C98-466B-8F6D-EB735F870759}.Release|iPhone.Deploy.0 = Release|iPhone
		{213A6D4C-4C98-466B-8F6D-EB735F870759}.Release|iPhoneSimulator.ActiveCfg = Release|iPhoneSimulator
		{213A6D4C-4C98-466B-8F6D-EB735F870759}.Release|iPhoneSimulator.Build.0 = Release|iPhoneSimulator
		{213A6D4C-4C98-466B-8F6D-EB735F870759}.Release|iPhoneSimulator.Deploy.0 = Release|iPhoneSimulator
		{213A6D4C-4C98-466B-8F6D-EB735F870759}.Release|x64.ActiveCfg = Release|iPhoneSimulator
		{213A6D4C-4C98-466B-8F6D-EB735F870759}.Release|x64.Build.0 = Release|iPhoneSimulator
		{213A6D4C-4C98-466B-8F6D-EB735F870759}.Release|x64.Deploy.0 = Release|iPhoneSimulator
		{213A6D4C-4C98-466B-8F6D-EB735F870759}.Release|x86.ActiveCfg = Release|iPhoneSimulator
		{213A6D4C-4C98-466B-8F6D-EB735F870759}.Release|x86.Build.0 = Release|iPhoneSimulator
		{213A6D4C-4C98-466B-8F6D-EB735F870759}.Release|x86.Deploy.0 = Release|iPhoneSimulator
		{B1F61DC5-DC13-42DA-80AB-7EF0A89E8F92}.Debug|Any CPU.ActiveCfg = Debug|Any CPU
		{B1F61DC5-DC13-42DA-80AB-7EF0A89E8F92}.Debug|Any CPU.Build.0 = Debug|Any CPU
		{B1F61DC5-DC13-42DA-80AB-7EF0A89E8F92}.Debug|Any CPU.Deploy.0 = Debug|Any CPU
		{B1F61DC5-DC13-42DA-80AB-7EF0A89E8F92}.Debug|ARM.ActiveCfg = Debug|Any CPU
		{B1F61DC5-DC13-42DA-80AB-7EF0A89E8F92}.Debug|ARM.Build.0 = Debug|Any CPU
		{B1F61DC5-DC13-42DA-80AB-7EF0A89E8F92}.Debug|ARM.Deploy.0 = Debug|Any CPU
		{B1F61DC5-DC13-42DA-80AB-7EF0A89E8F92}.Debug|iPhone.ActiveCfg = Debug|Any CPU
		{B1F61DC5-DC13-42DA-80AB-7EF0A89E8F92}.Debug|iPhone.Build.0 = Debug|Any CPU
		{B1F61DC5-DC13-42DA-80AB-7EF0A89E8F92}.Debug|iPhone.Deploy.0 = Debug|Any CPU
		{B1F61DC5-DC13-42DA-80AB-7EF0A89E8F92}.Debug|iPhoneSimulator.ActiveCfg = Debug|Any CPU
		{B1F61DC5-DC13-42DA-80AB-7EF0A89E8F92}.Debug|iPhoneSimulator.Build.0 = Debug|Any CPU
		{B1F61DC5-DC13-42DA-80AB-7EF0A89E8F92}.Debug|iPhoneSimulator.Deploy.0 = Debug|Any CPU
		{B1F61DC5-DC13-42DA-80AB-7EF0A89E8F92}.Debug|x64.ActiveCfg = Debug|Any CPU
		{B1F61DC5-DC13-42DA-80AB-7EF0A89E8F92}.Debug|x64.Build.0 = Debug|Any CPU
		{B1F61DC5-DC13-42DA-80AB-7EF0A89E8F92}.Debug|x64.Deploy.0 = Debug|Any CPU
		{B1F61DC5-DC13-42DA-80AB-7EF0A89E8F92}.Debug|x86.ActiveCfg = Debug|Any CPU
		{B1F61DC5-DC13-42DA-80AB-7EF0A89E8F92}.Debug|x86.Build.0 = Debug|Any CPU
		{B1F61DC5-DC13-42DA-80AB-7EF0A89E8F92}.Debug|x86.Deploy.0 = Debug|Any CPU
		{B1F61DC5-DC13-42DA-80AB-7EF0A89E8F92}.Release|Any CPU.ActiveCfg = Release|Any CPU
		{B1F61DC5-DC13-42DA-80AB-7EF0A89E8F92}.Release|Any CPU.Build.0 = Release|Any CPU
		{B1F61DC5-DC13-42DA-80AB-7EF0A89E8F92}.Release|Any CPU.Deploy.0 = Release|Any CPU
		{B1F61DC5-DC13-42DA-80AB-7EF0A89E8F92}.Release|ARM.ActiveCfg = Release|Any CPU
		{B1F61DC5-DC13-42DA-80AB-7EF0A89E8F92}.Release|ARM.Build.0 = Release|Any CPU
		{B1F61DC5-DC13-42DA-80AB-7EF0A89E8F92}.Release|ARM.Deploy.0 = Release|Any CPU
		{B1F61DC5-DC13-42DA-80AB-7EF0A89E8F92}.Release|iPhone.ActiveCfg = Release|Any CPU
		{B1F61DC5-DC13-42DA-80AB-7EF0A89E8F92}.Release|iPhone.Build.0 = Release|Any CPU
		{B1F61DC5-DC13-42DA-80AB-7EF0A89E8F92}.Release|iPhone.Deploy.0 = Release|Any CPU
		{B1F61DC5-DC13-42DA-80AB-7EF0A89E8F92}.Release|iPhoneSimulator.ActiveCfg = Release|Any CPU
		{B1F61DC5-DC13-42DA-80AB-7EF0A89E8F92}.Release|iPhoneSimulator.Build.0 = Release|Any CPU
		{B1F61DC5-DC13-42DA-80AB-7EF0A89E8F92}.Release|iPhoneSimulator.Deploy.0 = Release|Any CPU
		{B1F61DC5-DC13-42DA-80AB-7EF0A89E8F92}.Release|x64.ActiveCfg = Release|Any CPU
		{B1F61DC5-DC13-42DA-80AB-7EF0A89E8F92}.Release|x64.Build.0 = Release|Any CPU
		{B1F61DC5-DC13-42DA-80AB-7EF0A89E8F92}.Release|x64.Deploy.0 = Release|Any CPU
		{B1F61DC5-DC13-42DA-80AB-7EF0A89E8F92}.Release|x86.ActiveCfg = Release|Any CPU
		{B1F61DC5-DC13-42DA-80AB-7EF0A89E8F92}.Release|x86.Build.0 = Release|Any CPU
		{B1F61DC5-DC13-42DA-80AB-7EF0A89E8F92}.Release|x86.Deploy.0 = Release|Any CPU
	EndGlobalSection
	GlobalSection(SolutionProperties) = preSolution
		HideSolutionNode = FALSE
	EndGlobalSection
	GlobalSection(ExtensibilityGlobals) = postSolution
		SolutionGuid = {F4EDF7C8-BBF0-4FEE-9196-7CD7FA8572D0}
	EndGlobalSection
EndGlobal
